// !$*UTF8*$!
{
	archiveVersion = 1;
	classes = {
	};
	objectVersion = 56;
	objects = {

/* Begin PBXBuildFile section */
		BB1B52C82B51546400F5A364 /* AppDelegate.swift in Sources */ = {isa = PBXBuildFile; fileRef = BB1B52C72B51546400F5A364 /* AppDelegate.swift */; };
		BB1B52CA2B51546400F5A364 /* SceneDelegate.swift in Sources */ = {isa = PBXBuildFile; fileRef = BB1B52C92B51546400F5A364 /* SceneDelegate.swift */; };
		BB1B52CC2B51546400F5A364 /* ViewController.swift in Sources */ = {isa = PBXBuildFile; fileRef = BB1B52CB2B51546400F5A364 /* ViewController.swift */; };
		BB1B52CF2B51546400F5A364 /* Main.storyboard in Resources */ = {isa = PBXBuildFile; fileRef = BB1B52CD2B51546400F5A364 /* Main.storyboard */; };
		BB1B52D22B51546400F5A364 /* CafeApp.xcdatamodeld in Sources */ = {isa = PBXBuildFile; fileRef = BB1B52D02B51546400F5A364 /* CafeApp.xcdatamodeld */; };
		BB1B52D42B51546700F5A364 /* Assets.xcassets in Resources */ = {isa = PBXBuildFile; fileRef = BB1B52D32B51546700F5A364 /* Assets.xcassets */; };
		BB1B52D72B51546700F5A364 /* LaunchScreen.storyboard in Resources */ = {isa = PBXBuildFile; fileRef = BB1B52D52B51546700F5A364 /* LaunchScreen.storyboard */; };
		BB1B52DF2B51550000F5A364 /* GoogleService-Info.plist in Resources */ = {isa = PBXBuildFile; fileRef = BB1B52DE2B51550000F5A364 /* GoogleService-Info.plist */; };
		BB1B52E22B5160E800F5A364 /* FirebaseAnalytics in Frameworks */ = {isa = PBXBuildFile; productRef = BB1B52E12B5160E800F5A364 /* FirebaseAnalytics */; };
		BB1B52E42B5160E800F5A364 /* FirebaseAuth in Frameworks */ = {isa = PBXBuildFile; productRef = BB1B52E32B5160E800F5A364 /* FirebaseAuth */; };
		BB1B52E62B5160E800F5A364 /* FirebaseFirestore in Frameworks */ = {isa = PBXBuildFile; productRef = BB1B52E52B5160E800F5A364 /* FirebaseFirestore */; };
		BB1B52E82B5160E800F5A364 /* FirebaseStorage in Frameworks */ = {isa = PBXBuildFile; productRef = BB1B52E72B5160E800F5A364 /* FirebaseStorage */; };
/* End PBXBuildFile section */

/* Begin PBXFileReference section */
		BB1B52C42B51546400F5A364 /* CafeApp.app */ = {isa = PBXFileReference; explicitFileType = wrapper.application; includeInIndex = 0; path = CafeApp.app; sourceTree = BUILT_PRODUCTS_DIR; };
		BB1B52C72B51546400F5A364 /* AppDelegate.swift */ = {isa = PBXFileReference; lastKnownFileType = sourcecode.swift; path = AppDelegate.swift; sourceTree = "<group>"; };
		BB1B52C92B51546400F5A364 /* SceneDelegate.swift */ = {isa = PBXFileReference; lastKnownFileType = sourcecode.swift; path = SceneDelegate.swift; sourceTree = "<group>"; };
		BB1B52CB2B51546400F5A364 /* ViewController.swift */ = {isa = PBXFileReference; lastKnownFileType = sourcecode.swift; path = ViewController.swift; sourceTree = "<group>"; };
		BB1B52CE2B51546400F5A364 /* Base */ = {isa = PBXFileReference; lastKnownFileType = file.storyboard; name = Base; path = Base.lproj/Main.storyboard; sourceTree = "<group>"; };
		BB1B52D12B51546400F5A364 /* CafeApp.xcdatamodel */ = {isa = PBXFileReference; lastKnownFileType = wrapper.xcdatamodel; path = CafeApp.xcdatamodel; sourceTree = "<group>"; };
		BB1B52D32B51546700F5A364 /* Assets.xcassets */ = {isa = PBXFileReference; lastKnownFileType = folder.assetcatalog; path = Assets.xcassets; sourceTree = "<group>"; };
		BB1B52D62B51546700F5A364 /* Base */ = {isa = PBXFileReference; lastKnownFileType = file.storyboard; name = Base; path = Base.lproj/LaunchScreen.storyboard; sourceTree = "<group>"; };
		BB1B52D82B51546700F5A364 /* Info.plist */ = {isa = PBXFileReference; lastKnownFileType = text.plist.xml; path = Info.plist; sourceTree = "<group>"; };
		BB1B52DE2B51550000F5A364 /* GoogleService-Info.plist */ = {isa = PBXFileReference; fileEncoding = 4; lastKnownFileType = text.plist.xml; path = "GoogleService-Info.plist"; sourceTree = "<group>"; };
/* End PBXFileReference section */

/* Begin PBXFrameworksBuildPhase section */
		BB1B52C12B51546400F5A364 /* Frameworks */ = {
			isa = PBXFrameworksBuildPhase;
			buildActionMask = 2147483647;
			files = (
				BB1B52E22B5160E800F5A364 /* FirebaseAnalytics in Frameworks */,
				BB1B52E82B5160E800F5A364 /* FirebaseStorage in Frameworks */,
				BB1B52E42B5160E800F5A364 /* FirebaseAuth in Frameworks */,
				BB1B52E62B5160E800F5A364 /* FirebaseFirestore in Frameworks */,
			);
			runOnlyForDeploymentPostprocessing = 0;
		};
/* End PBXFrameworksBuildPhase section */

/* Begin PBXGroup section */
		BB1B52BB2B51546400F5A364 = {
			isa = PBXGroup;
			children = (
				BB1B52C62B51546400F5A364 /* CafeApp */,
				BB1B52C52B51546400F5A364 /* Products */,
			);
			sourceTree = "<group>";
		};
		BB1B52C52B51546400F5A364 /* Products */ = {
			isa = PBXGroup;
			children = (
				BB1B52C42B51546400F5A364 /* CafeApp.app */,
			);
			name = Products;
			sourceTree = "<group>";
		};
		BB1B52C62B51546400F5A364 /* CafeApp */ = {
			isa = PBXGroup;
			children = (
				BB1B52C72B51546400F5A364 /* AppDelegate.swift */,
				BB1B52C92B51546400F5A364 /* SceneDelegate.swift */,
				BB1B52CB2B51546400F5A364 /* ViewController.swift */,
				BB1B52CD2B51546400F5A364 /* Main.storyboard */,
				BB1B52D32B51546700F5A364 /* Assets.xcassets */,
				BB1B52D52B51546700F5A364 /* LaunchScreen.storyboard */,
				BB1B52D82B51546700F5A364 /* Info.plist */,
				BB1B52DE2B51550000F5A364 /* GoogleService-Info.plist */,
				BB1B52D02B51546400F5A364 /* CafeApp.xcdatamodeld */,
			);
			path = CafeApp;
			sourceTree = "<group>";
		};
/* End PBXGroup section */

/* Begin PBXNativeTarget section */
		BB1B52C32B51546400F5A364 /* CafeApp */ = {
			isa = PBXNativeTarget;
			buildConfigurationList = BB1B52DB2B51546700F5A364 /* Build configuration list for PBXNativeTarget "CafeApp" */;
			buildPhases = (
				BB1B52C02B51546400F5A364 /* Sources */,
				BB1B52C12B51546400F5A364 /* Frameworks */,
				BB1B52C22B51546400F5A364 /* Resources */,
			);
			buildRules = (
			);
			dependencies = (
			);
			name = CafeApp;
			packageProductDependencies = (
				BB1B52E12B5160E800F5A364 /* FirebaseAnalytics */,
				BB1B52E32B5160E800F5A364 /* FirebaseAuth */,
				BB1B52E52B5160E800F5A364 /* FirebaseFirestore */,
				BB1B52E72B5160E800F5A364 /* FirebaseStorage */,
			);
			productName = CafeApp;
			productReference = BB1B52C42B51546400F5A364 /* CafeApp.app */;
			productType = "com.apple.product-type.application";
		};
/* End PBXNativeTarget section */

/* Begin PBXProject section */
		BB1B52BC2B51546400F5A364 /* Project object */ = {
			isa = PBXProject;
			attributes = {
				BuildIndependentTargetsInParallel = 1;
				LastSwiftUpdateCheck = 1520;
				LastUpgradeCheck = 1520;
				TargetAttributes = {
					BB1B52C32B51546400F5A364 = {
						CreatedOnToolsVersion = 15.2;
					};
				};
			};
			buildConfigurationList = BB1B52BF2B51546400F5A364 /* Build configuration list for PBXProject "CafeApp" */;
			compatibilityVersion = "Xcode 14.0";
			developmentRegion = en;
			hasScannedForEncodings = 0;
			knownRegions = (
				en,
				Base,
			);
			mainGroup = BB1B52BB2B51546400F5A364;
			packageReferences = (
				BB1B52E02B5160E800F5A364 /* XCRemoteSwiftPackageReference "firebase-ios-sdk" */,
			);
			productRefGroup = BB1B52C52B51546400F5A364 /* Products */;
			projectDirPath = "";
			projectRoot = "";
			targets = (
				BB1B52C32B51546400F5A364 /* CafeApp */,
			);
		};
/* End PBXProject section */

/* Begin PBXResourcesBuildPhase section */
		BB1B52C22B51546400F5A364 /* Resources */ = {
			isa = PBXResourcesBuildPhase;
			buildActionMask = 2147483647;
			files = (
				BB1B52D72B51546700F5A364 /* LaunchScreen.storyboard in Resources */,
				BB1B52DF2B51550000F5A364 /* GoogleService-Info.plist in Resources */,
				BB1B52D42B51546700F5A364 /* Assets.xcassets in Resources */,
				BB1B52CF2B51546400F5A364 /* Main.storyboard in Resources */,
			);
			runOnlyForDeploymentPostprocessing = 0;
		};
/* End PBXResourcesBuildPhase section */

/* Begin PBXSourcesBuildPhase section */
		BB1B52C02B51546400F5A364 /* Sources */ = {
			isa = PBXSourcesBuildPhase;
			buildActionMask = 2147483647;
			files = (
				BB1B52D22B51546400F5A364 /* CafeApp.xcdatamodeld in Sources */,
				BB1B52CC2B51546400F5A364 /* ViewController.swift in Sources */,
				BB1B52C82B51546400F5A364 /* AppDelegate.swift in Sources */,
				BB1B52CA2B51546400F5A364 /* SceneDelegate.swift in Sources */,
			);
			runOnlyForDeploymentPostprocessing = 0;
		};
/* End PBXSourcesBuildPhase section */

/* Begin PBXVariantGroup section */
		BB1B52CD2B51546400F5A364 /* Main.storyboard */ = {
			isa = PBXVariantGroup;
			children = (
				BB1B52CE2B51546400F5A364 /* Base */,
			);
			name = Main.storyboard;
			sourceTree = "<group>";
		};
		BB1B52D52B51546700F5A364 /* LaunchScreen.storyboard */ = {
			isa = PBXVariantGroup;
			children = (
				BB1B52D62B51546700F5A364 /* Base */,
			);
			name = LaunchScreen.storyboard;
			sourceTree = "<group>";
		};
/* End PBXVariantGroup section */

/* Begin XCBuildConfiguration section */
		BB1B52D92B51546700F5A364 /* Debug */ = {
			isa = XCBuildConfiguration;
			buildSettings = {
				ALWAYS_SEARCH_USER_PATHS = NO;
				ASSETCATALOG_COMPILER_GENERATE_SWIFT_ASSET_SYMBOL_EXTENSIONS = YES;
				CLANG_ANALYZER_NONNULL = YES;
				CLANG_ANALYZER_NUMBER_OBJECT_CONVERSION = YES_AGGRESSIVE;
				CLANG_CXX_LANGUAGE_STANDARD = "gnu++20";
				CLANG_ENABLE_MODULES = YES;
				CLANG_ENABLE_OBJC_ARC = YES;
				CLANG_ENABLE_OBJC_WEAK = YES;
				CLANG_WARN_BLOCK_CAPTURE_AUTORELEASING = YES;
				CLANG_WARN_BOOL_CONVERSION = YES;
				CLANG_WARN_COMMA = YES;
				CLANG_WARN_CONSTANT_CONVERSION = YES;
				CLANG_WARN_DEPRECATED_OBJC_IMPLEMENTATIONS = YES;
				CLANG_WARN_DIRECT_OBJC_ISA_USAGE = YES_ERROR;
				CLANG_WARN_DOCUMENTATION_COMMENTS = YES;
				CLANG_WARN_EMPTY_BODY = YES;
				CLANG_WARN_ENUM_CONVERSION = YES;
				CLANG_WARN_INFINITE_RECURSION = YES;
				CLANG_WARN_INT_CONVERSION = YES;
				CLANG_WARN_NON_LITERAL_NULL_CONVERSION = YES;
				CLANG_WARN_OBJC_IMPLICIT_RETAIN_SELF = YES;
				CLANG_WARN_OBJC_LITERAL_CONVERSION = YES;
				CLANG_WARN_OBJC_ROOT_CLASS = YES_ERROR;
				CLANG_WARN_QUOTED_INCLUDE_IN_FRAMEWORK_HEADER = YES;
				CLANG_WARN_RANGE_LOOP_ANALYSIS = YES;
				CLANG_WARN_STRICT_PROTOTYPES = YES;
				CLANG_WARN_SUSPICIOUS_MOVE = YES;
				CLANG_WARN_UNGUARDED_AVAILABILITY = YES_AGGRESSIVE;
				CLANG_WARN_UNREACHABLE_CODE = YES;
				CLANG_WARN__DUPLICATE_METHOD_MATCH = YES;
				COPY_PHASE_STRIP = NO;
				DEBUG_INFORMATION_FORMAT = dwarf;
				ENABLE_STRICT_OBJC_MSGSEND = YES;
				ENABLE_TESTABILITY = YES;
				ENABLE_USER_SCRIPT_SANDBOXING = YES;
				GCC_C_LANGUAGE_STANDARD = gnu17;
				GCC_DYNAMIC_NO_PIC = NO;
				GCC_NO_COMMON_BLOCKS = YES;
				GCC_OPTIMIZATION_LEVEL = 0;
				GCC_PREPROCESSOR_DEFINITIONS = (
					"DEBUG=1",
					"$(inherited)",
				);
				GCC_WARN_64_TO_32_BIT_CONVERSION = YES;
				GCC_WARN_ABOUT_RETURN_TYPE = YES_ERROR;
				GCC_WARN_UNDECLARED_SELECTOR = YES;
				GCC_WARN_UNINITIALIZED_AUTOS = YES_AGGRESSIVE;
				GCC_WARN_UNUSED_FUNCTION = YES;
				GCC_WARN_UNUSED_VARIABLE = YES;
				IPHONEOS_DEPLOYMENT_TARGET = 17.2;
				LOCALIZATION_PREFERS_STRING_CATALOGS = YES;
				MTL_ENABLE_DEBUG_INFO = INCLUDE_SOURCE;
				MTL_FAST_MATH = YES;
				ONLY_ACTIVE_ARCH = YES;
				SDKROOT = iphoneos;
				SWIFT_ACTIVE_COMPILATION_CONDITIONS = "DEBUG $(inherited)";
				SWIFT_OPTIMIZATION_LEVEL = "-Onone";
			};
			name = Debug;
		};
		BB1B52DA2B51546700F5A364 /* Release */ = {
			isa = XCBuildConfiguration;
			buildSettings = {
				ALWAYS_SEARCH_USER_PATHS = NO;
				ASSETCATALOG_COMPILER_GENERATE_SWIFT_ASSET_SYMBOL_EXTENSIONS = YES;
				CLANG_ANALYZER_NONNULL = YES;
				CLANG_ANALYZER_NUMBER_OBJECT_CONVERSION = YES_AGGRESSIVE;
				CLANG_CXX_LANGUAGE_STANDARD = "gnu++20";
				CLANG_ENABLE_MODULES = YES;
				CLANG_ENABLE_OBJC_ARC = YES;
				CLANG_ENABLE_OBJC_WEAK = YES;
				CLANG_WARN_BLOCK_CAPTURE_AUTORELEASING = YES;
				CLANG_WARN_BOOL_CONVERSION = YES;
				CLANG_WARN_COMMA = YES;
				CLANG_WARN_CONSTANT_CONVERSION = YES;
				CLANG_WARN_DEPRECATED_OBJC_IMPLEMENTATIONS = YES;
				CLANG_WARN_DIRECT_OBJC_ISA_USAGE = YES_ERROR;
				CLANG_WARN_DOCUMENTATION_COMMENTS = YES;
				CLANG_WARN_EMPTY_BODY = YES;
				CLANG_WARN_ENUM_CONVERSION = YES;
				CLANG_WARN_INFINITE_RECURSION = YES;
				CLANG_WARN_INT_CONVERSION = YES;
				CLANG_WARN_NON_LITERAL_NULL_CONVERSION = YES;
				CLANG_WARN_OBJC_IMPLICIT_RETAIN_SELF = YES;
				CLANG_WARN_OBJC_LITERAL_CONVERSION = YES;
				CLANG_WARN_OBJC_ROOT_CLASS = YES_ERROR;
				CLANG_WARN_QUOTED_INCLUDE_IN_FRAMEWORK_HEADER = YES;
				CLANG_WARN_RANGE_LOOP_ANALYSIS = YES;
				CLANG_WARN_STRICT_PROTOTYPES = YES;
				CLANG_WARN_SUSPICIOUS_MOVE = YES;
				CLANG_WARN_UNGUARDED_AVAILABILITY = YES_AGGRESSIVE;
				CLANG_WARN_UNREACHABLE_CODE = YES;
				CLANG_WARN__DUPLICATE_METHOD_MATCH = YES;
				COPY_PHASE_STRIP = NO;
				DEBUG_INFORMATION_FORMAT = "dwarf-with-dsym";
				ENABLE_NS_ASSERTIONS = NO;
				ENABLE_STRICT_OBJC_MSGSEND = YES;
				ENABLE_USER_SCRIPT_SANDBOXING = YES;
				GCC_C_LANGUAGE_STANDARD = gnu17;
				GCC_NO_COMMON_BLOCKS = YES;
				GCC_WARN_64_TO_32_BIT_CONVERSION = YES;
				GCC_WARN_ABOUT_RETURN_TYPE = YES_ERROR;
				GCC_WARN_UNDECLARED_SELECTOR = YES;
				GCC_WARN_UNINITIALIZED_AUTOS = YES_AGGRESSIVE;
				GCC_WARN_UNUSED_FUNCTION = YES;
				GCC_WARN_UNUSED_VARIABLE = YES;
				IPHONEOS_DEPLOYMENT_TARGET = 17.2;
				LOCALIZATION_PREFERS_STRING_CATALOGS = YES;
				MTL_ENABLE_DEBUG_INFO = NO;
				MTL_FAST_MATH = YES;
				SDKROOT = iphoneos;
				SWIFT_COMPILATION_MODE = wholemodule;
				VALIDATE_PRODUCT = YES;
			};
			name = Release;
		};
		BB1B52DC2B51546700F5A364 /* Debug */ = {
			isa = XCBuildConfiguration;
			buildSettings = {
				ASSETCATALOG_COMPILER_APPICON_NAME = AppIcon;
				ASSETCATALOG_COMPILER_GLOBAL_ACCENT_COLOR_NAME = AccentColor;
				CODE_SIGN_STYLE = Automatic;
				CURRENT_PROJECT_VERSION = 1;
				DEVELOPMENT_TEAM = 888F3A2BQF;
				GENERATE_INFOPLIST_FILE = YES;
				INFOPLIST_FILE = CafeApp/Info.plist;
				INFOPLIST_KEY_UIApplicationSupportsIndirectInputEvents = YES;
				INFOPLIST_KEY_UILaunchStoryboardName = LaunchScreen;
				INFOPLIST_KEY_UIMainStoryboardFile = Main;
				INFOPLIST_KEY_UISupportedInterfaceOrientations_iPad = "UIInterfaceOrientationPortrait UIInterfaceOrientationPortraitUpsideDown UIInterfaceOrientationLandscapeLeft UIInterfaceOrientationLandscapeRight";
				INFOPLIST_KEY_UISupportedInterfaceOrientations_iPhone = "UIInterfaceOrientationPortrait UIInterfaceOrientationLandscapeLeft UIInterfaceOrientationLandscapeRight";
				LD_RUNPATH_SEARCH_PATHS = (
					"$(inherited)",
					"@executable_path/Frameworks",
				);
				MARKETING_VERSION = 1.0;
				PRODUCT_BUNDLE_IDENTIFIER = com.babazada.CafeApp;
				PRODUCT_NAME = "$(TARGET_NAME)";
				SWIFT_EMIT_LOC_STRINGS = YES;
				SWIFT_VERSION = 5.0;
				TARGETED_DEVICE_FAMILY = "1,2";
			};
			name = Debug;
		};
		BB1B52DD2B51546700F5A364 /* Release */ = {
			isa = XCBuildConfiguration;
			buildSettings = {
				ASSETCATALOG_COMPILER_APPICON_NAME = AppIcon;
				ASSETCATALOG_COMPILER_GLOBAL_ACCENT_COLOR_NAME = AccentColor;
				CODE_SIGN_STYLE = Automatic;
				CURRENT_PROJECT_VERSION = 1;
				DEVELOPMENT_TEAM = 888F3A2BQF;
				GENERATE_INFOPLIST_FILE = YES;
				INFOPLIST_FILE = CafeApp/Info.plist;
				INFOPLIST_KEY_UIApplicationSupportsIndirectInputEvents = YES;
				INFOPLIST_KEY_UILaunchStoryboardName = LaunchScreen;
				INFOPLIST_KEY_UIMainStoryboardFile = Main;
				INFOPLIST_KEY_UISupportedInterfaceOrientations_iPad = "UIInterfaceOrientationPortrait UIInterfaceOrientationPortraitUpsideDown UIInterfaceOrientationLandscapeLeft UIInterfaceOrientationLandscapeRight";
				INFOPLIST_KEY_UISupportedInterfaceOrientations_iPhone = "UIInterfaceOrientationPortrait UIInterfaceOrientationLandscapeLeft UIInterfaceOrientationLandscapeRight";
				LD_RUNPATH_SEARCH_PATHS = (
					"$(inherited)",
					"@executable_path/Frameworks",
				);
				MARKETING_VERSION = 1.0;
				PRODUCT_BUNDLE_IDENTIFIER = com.babazada.CafeApp;
				PRODUCT_NAME = "$(TARGET_NAME)";
				SWIFT_EMIT_LOC_STRINGS = YES;
				SWIFT_VERSION = 5.0;
				TARGETED_DEVICE_FAMILY = "1,2";
			};
			name = Release;
		};
/* End XCBuildConfiguration section */

/* Begin XCConfigurationList section */
		BB1B52BF2B51546400F5A364 /* Build configuration list for PBXProject "CafeApp" */ = {
			isa = XCConfigurationList;
			buildConfigurations = (
				BB1B52D92B51546700F5A364 /* Debug */,
				BB1B52DA2B51546700F5A364 /* Release */,
			);
			defaultConfigurationIsVisible = 0;
			defaultConfigurationName = Release;
		};
		BB1B52DB2B51546700F5A364 /* Build configuration list for PBXNativeTarget "CafeApp" */ = {
			isa = XCConfigurationList;
			buildConfigurations = (
				BB1B52DC2B51546700F5A364 /* Debug */,
				BB1B52DD2B51546700F5A364 /* Release */,
			);
			defaultConfigurationIsVisible = 0;
			defaultConfigurationName = Release;
		};
/* End XCConfigurationList section */

/* Begin XCRemoteSwiftPackageReference section */
		BB1B52E02B5160E800F5A364 /* XCRemoteSwiftPackageReference "firebase-ios-sdk" */ = {
			isa = XCRemoteSwiftPackageReference;
			repositoryURL = "https://github.com/firebase/firebase-ios-sdk";
			requirement = {
				kind = upToNextMajorVersion;
				minimumVersion = 10.19.1;
			};
		};
/* End XCRemoteSwiftPackageReference section */

/* Begin XCSwiftPackageProductDependency section */
		BB1B52E12B5160E800F5A364 /* FirebaseAnalytics */ = {
			isa = XCSwiftPackageProductDependency;
			package = BB1B52E02B5160E800F5A364 /* XCRemoteSwiftPackageReference "firebase-ios-sdk" */;
			productName = FirebaseAnalytics;
		};
		BB1B52E32B5160E800F5A364 /* FirebaseAuth */ = {
			isa = XCSwiftPackageProductDependency;
			package = BB1B52E02B5160E800F5A364 /* XCRemoteSwiftPackageReference "firebase-ios-sdk" */;
			productName = FirebaseAuth;
		};
		BB1B52E52B5160E800F5A364 /* FirebaseFirestore */ = {
			isa = XCSwiftPackageProductDependency;
			package = BB1B52E02B5160E800F5A364 /* XCRemoteSwiftPackageReference "firebase-ios-sdk" */;
			productName = FirebaseFirestore;
		};
		BB1B52E72B5160E800F5A364 /* FirebaseStorage */ = {
			isa = XCSwiftPackageProductDependency;
			package = BB1B52E02B5160E800F5A364 /* XCRemoteSwiftPackageReference "firebase-ios-sdk" */;
			productName = FirebaseStorage;
		};
/* End XCSwiftPackageProductDependency section */

/* Begin XCVersionGroup section */
		BB1B52D02B51546400F5A364 /* CafeApp.xcdatamodeld */ = {
			isa = XCVersionGroup;
			children = (
				BB1B52D12B51546400F5A364 /* CafeApp.xcdatamodel */,
			);
			currentVersion = BB1B52D12B51546400F5A364 /* CafeApp.xcdatamodel */;
			path = CafeApp.xcdatamodeld;
			sourceTree = "<group>";
			versionGroupType = wrapper.xcdatamodel;
		};
/* End XCVersionGroup section */
	};
	rootObject = BB1B52BC2B51546400F5A364 /* Project object */;
}
